
Microsoft Visual Studio Solution File, Format Version 12.00
# Visual Studio 15
VisualStudioVersion = 15.0.26228.9
MinimumVisualStudioVersion = 10.0.40219.1
Project("{FAE04EC0-301F-11D3-BF4B-00C04F79EFBC}") = "Test", "Test\Test.csproj", "{4C05A7ED-75C0-466C-9353-0FB7D06100FF}"
EndProject
Project("{FAE04EC0-301F-11D3-BF4B-00C04F79EFBC}") = "DataStructure", "DataStructure\DataStructure.csproj", "{2FCA105B-C3F6-4B82-8350-724CEE394D4E}"
EndProject
Project("{FAE04EC0-301F-11D3-BF4B-00C04F79EFBC}") = "Algorithm", "Algorithm\Algorithm.csproj", "{559556F6-3A76-40EF-8540-2201AC11D64A}"
EndProject
Project("{FAE04EC0-301F-11D3-BF4B-00C04F79EFBC}") = "AmbientConfiguration", "Fx\AmbientConfiguration\AmbientConfiguration.csproj", "{D475F12C-6C6E-4881-9C90-163CAC11FBC3}"
EndProject
Project("{FAE04EC0-301F-11D3-BF4B-00C04F79EFBC}") = "Utility", "Fx\Utility\Utility.csproj", "{58467923-B066-4E8B-ADF3-04C63CC50BC2}"
EndProject
Project("{FAE04EC0-301F-11D3-BF4B-00C04F79EFBC}") = "AmbientContext", "Fx\AmbientContext\AmbientContext.csproj", "{C76CB0FE-6941-4B69-BF09-FB8576D9E00A}"
EndProject
Global
	GlobalSection(SolutionConfigurationPlatforms) = preSolution
		Debug|Any CPU = Debug|Any CPU
		Release|Any CPU = Release|Any CPU
	EndGlobalSection
	GlobalSection(ProjectConfigurationPlatforms) = postSolution
		{4C05A7ED-75C0-466C-9353-0FB7D06100FF}.Debug|Any CPU.ActiveCfg = Debug|Any CPU
		{4C05A7ED-75C0-466C-9353-0FB7D06100FF}.Debug|Any CPU.Build.0 = Debug|Any CPU
		{4C05A7ED-75C0-466C-9353-0FB7D06100FF}.Release|Any CPU.ActiveCfg = Release|Any CPU
		{4C05A7ED-75C0-466C-9353-0FB7D06100FF}.Release|Any CPU.Build.0 = Release|Any CPU
		{2FCA105B-C3F6-4B82-8350-724CEE394D4E}.Debug|Any CPU.ActiveCfg = Debug|Any CPU
		{2FCA105B-C3F6-4B82-8350-724CEE394D4E}.Debug|Any CPU.Build.0 = Debug|Any CPU
		{2FCA105B-C3F6-4B82-8350-724CEE394D4E}.Release|Any CPU.ActiveCfg = Release|Any CPU
		{2FCA105B-C3F6-4B82-8350-724CEE394D4E}.Release|Any CPU.Build.0 = Release|Any CPU
		{559556F6-3A76-40EF-8540-2201AC11D64A}.Debug|Any CPU.ActiveCfg = Debug|Any CPU
		{559556F6-3A76-40EF-8540-2201AC11D64A}.Debug|Any CPU.Build.0 = Debug|Any CPU
		{559556F6-3A76-40EF-8540-2201AC11D64A}.Release|Any CPU.ActiveCfg = Release|Any CPU
		{559556F6-3A76-40EF-8540-2201AC11D64A}.Release|Any CPU.Build.0 = Release|Any CPU
		{D475F12C-6C6E-4881-9C90-163CAC11FBC3}.Debug|Any CPU.ActiveCfg = Debug|Any CPU
		{D475F12C-6C6E-4881-9C90-163CAC11FBC3}.Debug|Any CPU.Build.0 = Debug|Any CPU
		{D475F12C-6C6E-4881-9C90-163CAC11FBC3}.Release|Any CPU.ActiveCfg = Release|Any CPU
		{D475F12C-6C6E-4881-9C90-163CAC11FBC3}.Release|Any CPU.Build.0 = Release|Any CPU
		{58467923-B066-4E8B-ADF3-04C63CC50BC2}.Debug|Any CPU.ActiveCfg = Debug|Any CPU
		{58467923-B066-4E8B-ADF3-04C63CC50BC2}.Debug|Any CPU.Build.0 = Debug|Any CPU
		{58467923-B066-4E8B-ADF3-04C63CC50BC2}.Release|Any CPU.ActiveCfg = Release|Any CPU
		{58467923-B066-4E8B-ADF3-04C63CC50BC2}.Release|Any CPU.Build.0 = Release|Any CPU
		{C76CB0FE-6941-4B69-BF09-FB8576D9E00A}.Debug|Any CPU.ActiveCfg = Debug|Any CPU
		{C76CB0FE-6941-4B69-BF09-FB8576D9E00A}.Debug|Any CPU.Build.0 = Debug|Any CPU
		{C76CB0FE-6941-4B69-BF09-FB8576D9E00A}.Release|Any CPU.ActiveCfg = Release|Any CPU
		{C76CB0FE-6941-4B69-BF09-FB8576D9E00A}.Release|Any CPU.Build.0 = Release|Any CPU
	EndGlobalSection
	GlobalSection(SolutionProperties) = preSolution
		HideSolutionNode = FALSE
	EndGlobalSection
EndGlobal
